
Microsoft Visual Studio Solution File, Format Version 12.00
# Visual Studio Version 16
VisualStudioVersion = 16.0.29613.14
MinimumVisualStudioVersion = 10.0.40219.1
Project("{FAE04EC0-301F-11D3-BF4B-00C04F79EFBC}") = "IrelandsFittest", "IrelandsFittest\IrelandsFittest.csproj", "{B43F17A4-224F-4D32-820F-3A465B0E39C8}"
EndProject
Global
	GlobalSection(SolutionConfigurationPlatforms) = preSolution
		Debug|Any CPU = Debug|Any CPU
		Release|Any CPU = Release|Any CPU
	EndGlobalSection
	GlobalSection(ProjectConfigurationPlatforms) = postSolution
		{B43F17A4-224F-4D32-820F-3A465B0E39C8}.Debug|Any CPU.ActiveCfg = Debug|Any CPU
		{B43F17A4-224F-4D32-820F-3A465B0E39C8}.Debug|Any CPU.Build.0 = Debug|Any CPU
		{B43F17A4-224F-4D32-820F-3A465B0E39C8}.Release|Any CPU.ActiveCfg = Release|Any CPU
		{B43F17A4-224F-4D32-820F-3A465B0E39C8}.Release|Any CPU.Build.0 = Release|Any CPU
	EndGlobalSection
	GlobalSection(SolutionProperties) = preSolution
		HideSolutionNode = FALSE
	EndGlobalSection
	GlobalSection(ExtensibilityGlobals) = postSolution
		SolutionGuid = {0917610D-21CD-4C58-88BC-5AD1332D97EF}
	EndGlobalSection
EndGlobal
